
Microsoft Visual Studio Solution File, Format Version 12.00
# Visual Studio Version 16
VisualStudioVersion = 16.0.34031.81
MinimumVisualStudioVersion = 10.0.40219.1
Project("{2150E333-8FDC-42A3-9474-1A3956D46DE8}") = "Task0", "Task0", "{2D9B559F-15A5-492C-BCD9-40C08446D595}"
EndProject
Project("{FAE04EC0-301F-11D3-BF4B-00C04F79EFBC}") = "Tyuiu.MenshikovEA.Sprint1.Task0.V25", "Tyuiu.MenshikovEA.Sprint1.Task0.V0\Tyuiu.MenshikovEA.Sprint1.Task0.V25.csproj", "{916F2F3A-0875-4836-840F-27085F348100}"
EndProject
Project("{FAE04EC0-301F-11D3-BF4B-00C04F79EFBC}") = "Tyuiu.MenshikovEA.Sprint1.Task0.V25.Lib", "Tyuiu.MenshikovEA.Sprint1.Task0.V0.Lib\Tyuiu.MenshikovEA.Sprint1.Task0.V25.Lib.csproj", "{23B8A1B8-81A3-4CC6-91AF-AACB560A04A8}"
EndProject
Project("{FAE04EC0-301F-11D3-BF4B-00C04F79EFBC}") = "Tyuiu.MenshikovEA.Sprint1.Task0.V25.Test", "Tyuiu.MenshikovEA.Sprint1.Task0.V0.Test\Tyuiu.MenshikovEA.Sprint1.Task0.V25.Test.csproj", "{193531DE-F2D1-49B1-9102-1D58627A7DA2}"
EndProject
Project("{2150E333-8FDC-42A3-9474-1A3956D46DE8}") = "Task1", "Task1", "{D287147E-3FD7-473C-8BDC-48662B75F5EA}"
EndProject
Project("{FAE04EC0-301F-11D3-BF4B-00C04F79EFBC}") = "Tyuiu.MenshikovEA.Sprint1.Task1.V29", "Tyuiu.MenshikovEA.Sprint1.Task1.V29\Tyuiu.MenshikovEA.Sprint1.Task1.V29.csproj", "{B5CC2AF3-D8FE-4E0E-BDE4-7FD1982C5C49}"
EndProject
Project("{FAE04EC0-301F-11D3-BF4B-00C04F79EFBC}") = "Tyuiu.MenshikovEA.Sprint1.Task1.V29.Test", "Tyuiu.MenshikovEA.Sprint1.Task1.V29.Test\Tyuiu.MenshikovEA.Sprint1.Task1.V29.Test.csproj", "{985D0BCA-9322-4995-B161-6489C73390E6}"
EndProject
Project("{FAE04EC0-301F-11D3-BF4B-00C04F79EFBC}") = "Tyuiu.MenshikovEA.Sprint1.Task1.V29.Lib", "Tyuiu.MenshikovEA.Sprint1.Task1.V29.Lib\Tyuiu.MenshikovEA.Sprint1.Task1.V29.Lib.csproj", "{455C5F75-8314-4983-8D67-1F1A2E4D82D8}"
EndProject
Project("{2150E333-8FDC-42A3-9474-1A3956D46DE8}") = "Task2", "Task2", "{0CA51345-DFE7-4306-800F-4C7A20EEF3C4}"
EndProject
Project("{FAE04EC0-301F-11D3-BF4B-00C04F79EFBC}") = "Tyuiu.MenshikovEA.Sprint1.Task2.V14", "Tyuiu.MenshikovEA.Sprint1.Task2.V14\Tyuiu.MenshikovEA.Sprint1.Task2.V14.csproj", "{F95019E3-6B4D-4177-8783-7826A4B6A0C4}"
EndProject
Project("{FAE04EC0-301F-11D3-BF4B-00C04F79EFBC}") = "Tyuiu.MenshikovEA.Sprint1.Task2.V14.Test", "Tyuiu.MenshikovEA.Sprint1.Task2.V14.Test\Tyuiu.MenshikovEA.Sprint1.Task2.V14.Test.csproj", "{0BC4349D-FEA8-4EBD-ADF2-5075DF89EDDB}"
EndProject
Project("{FAE04EC0-301F-11D3-BF4B-00C04F79EFBC}") = "Tyuiu.MenshikovEA.Sprint1.Task2.V14.Lib", "Tyuiu.MenshikovEA.Sprint1.Task2.V14.Lib\Tyuiu.MenshikovEA.Sprint1.Task2.V14.Lib.csproj", "{688896CF-71EC-4B79-905B-7BE4143511E6}"
EndProject
Project("{2150E333-8FDC-42A3-9474-1A3956D46DE8}") = "Task3", "Task3", "{1879E55A-AFC6-49F7-A910-40022E872DBC}"
EndProject
Project("{FAE04EC0-301F-11D3-BF4B-00C04F79EFBC}") = "Tyuiu.MenshikovEA.Sprint1.Task3.V9", "Tyuiu.MenshikovEA.Sprint1.Task3.V9\Tyuiu.MenshikovEA.Sprint1.Task3.V9.csproj", "{EB8B2966-D3E8-47DC-BFD0-C679AADDBA56}"
EndProject
Project("{FAE04EC0-301F-11D3-BF4B-00C04F79EFBC}") = "Tyuiu.MenshikovEA.Sprint1.Task3.V9.Lib", "Tyuiu.MenshikovEA.Sprint1.Task3.V9.Lib\Tyuiu.MenshikovEA.Sprint1.Task3.V9.Lib.csproj", "{DBEE1EEF-940D-4DCA-8F01-0AF25795F2E5}"
EndProject
Project("{FAE04EC0-301F-11D3-BF4B-00C04F79EFBC}") = "Tyuiu.MenshikovEA.Sprint1.Task3.V9.Test", "Tyuiu.MenshikovEA.Sprint1.Task3.V9.Test\Tyuiu.MenshikovEA.Sprint1.Task3.V9.Test.csproj", "{61FD26C1-CA9C-4171-9FD0-D04C415C2190}"
EndProject
Project("{2150E333-8FDC-42A3-9474-1A3956D46DE8}") = "Task4", "Task4", "{B4B663EF-1E48-45CC-B285-686131256F8C}"
EndProject
Project("{FAE04EC0-301F-11D3-BF4B-00C04F79EFBC}") = "Tyuiu.MenshikovEA.Sprint1.Task4.V16", "Tyuiu.MenshikovEA.Sprint1.Task4.V16\Tyuiu.MenshikovEA.Sprint1.Task4.V16.csproj", "{BDAA8023-681B-4646-810F-34DF1D0E3299}"
EndProject
Project("{FAE04EC0-301F-11D3-BF4B-00C04F79EFBC}") = "Tyuiu.MenshikovEA.Sprint1.Task4.V16.Lib", "Tyuiu.MenshikovEA.Sprint1.Task4.V16.Lib\Tyuiu.MenshikovEA.Sprint1.Task4.V16.Lib.csproj", "{635B95D8-F0FF-430F-8AA5-21DF5D5049A9}"
EndProject
Project("{FAE04EC0-301F-11D3-BF4B-00C04F79EFBC}") = "Tyuiu.MenshikovEA.Sprint1.Task4.V16.Test", "Tyuiu.MenshikovEA.Sprint1.Task4.V16.Test\Tyuiu.MenshikovEA.Sprint1.Task4.V16.Test.csproj", "{627F87FD-6E5D-4708-A2E8-57C183542250}"
EndProject
Global
	GlobalSection(SolutionConfigurationPlatforms) = preSolution
		Debug|Any CPU = Debug|Any CPU
		Release|Any CPU = Release|Any CPU
	EndGlobalSection
	GlobalSection(ProjectConfigurationPlatforms) = postSolution
		{916F2F3A-0875-4836-840F-27085F348100}.Debug|Any CPU.ActiveCfg = Debug|Any CPU
		{916F2F3A-0875-4836-840F-27085F348100}.Debug|Any CPU.Build.0 = Debug|Any CPU
		{916F2F3A-0875-4836-840F-27085F348100}.Release|Any CPU.ActiveCfg = Release|Any CPU
		{916F2F3A-0875-4836-840F-27085F348100}.Release|Any CPU.Build.0 = Release|Any CPU
		{23B8A1B8-81A3-4CC6-91AF-AACB560A04A8}.Debug|Any CPU.ActiveCfg = Debug|Any CPU
		{23B8A1B8-81A3-4CC6-91AF-AACB560A04A8}.Debug|Any CPU.Build.0 = Debug|Any CPU
		{23B8A1B8-81A3-4CC6-91AF-AACB560A04A8}.Release|Any CPU.ActiveCfg = Release|Any CPU
		{23B8A1B8-81A3-4CC6-91AF-AACB560A04A8}.Release|Any CPU.Build.0 = Release|Any CPU
		{193531DE-F2D1-49B1-9102-1D58627A7DA2}.Debug|Any CPU.ActiveCfg = Debug|Any CPU
		{193531DE-F2D1-49B1-9102-1D58627A7DA2}.Debug|Any CPU.Build.0 = Debug|Any CPU
		{193531DE-F2D1-49B1-9102-1D58627A7DA2}.Release|Any CPU.ActiveCfg = Release|Any CPU
		{193531DE-F2D1-49B1-9102-1D58627A7DA2}.Release|Any CPU.Build.0 = Release|Any CPU
		{B5CC2AF3-D8FE-4E0E-BDE4-7FD1982C5C49}.Debug|Any CPU.ActiveCfg = Debug|Any CPU
		{B5CC2AF3-D8FE-4E0E-BDE4-7FD1982C5C49}.Debug|Any CPU.Build.0 = Debug|Any CPU
		{B5CC2AF3-D8FE-4E0E-BDE4-7FD1982C5C49}.Release|Any CPU.ActiveCfg = Release|Any CPU
		{B5CC2AF3-D8FE-4E0E-BDE4-7FD1982C5C49}.Release|Any CPU.Build.0 = Release|Any CPU
		{985D0BCA-9322-4995-B161-6489C73390E6}.Debug|Any CPU.ActiveCfg = Debug|Any CPU
		{985D0BCA-9322-4995-B161-6489C73390E6}.Debug|Any CPU.Build.0 = Debug|Any CPU
		{985D0BCA-9322-4995-B161-6489C73390E6}.Release|Any CPU.ActiveCfg = Release|Any CPU
		{985D0BCA-9322-4995-B161-6489C73390E6}.Release|Any CPU.Build.0 = Release|Any CPU
		{455C5F75-8314-4983-8D67-1F1A2E4D82D8}.Debug|Any CPU.ActiveCfg = Debug|Any CPU
		{455C5F75-8314-4983-8D67-1F1A2E4D82D8}.Debug|Any CPU.Build.0 = Debug|Any CPU
		{455C5F75-8314-4983-8D67-1F1A2E4D82D8}.Release|Any CPU.ActiveCfg = Release|Any CPU
		{455C5F75-8314-4983-8D67-1F1A2E4D82D8}.Release|Any CPU.Build.0 = Release|Any CPU
		{F95019E3-6B4D-4177-8783-7826A4B6A0C4}.Debug|Any CPU.ActiveCfg = Debug|Any CPU
		{F95019E3-6B4D-4177-8783-7826A4B6A0C4}.Debug|Any CPU.Build.0 = Debug|Any CPU
		{F95019E3-6B4D-4177-8783-7826A4B6A0C4}.Release|Any CPU.ActiveCfg = Release|Any CPU
		{F95019E3-6B4D-4177-8783-7826A4B6A0C4}.Release|Any CPU.Build.0 = Release|Any CPU
		{0BC4349D-FEA8-4EBD-ADF2-5075DF89EDDB}.Debug|Any CPU.ActiveCfg = Debug|Any CPU
		{0BC4349D-FEA8-4EBD-ADF2-5075DF89EDDB}.Debug|Any CPU.Build.0 = Debug|Any CPU
		{0BC4349D-FEA8-4EBD-ADF2-5075DF89EDDB}.Release|Any CPU.ActiveCfg = Release|Any CPU
		{0BC4349D-FEA8-4EBD-ADF2-5075DF89EDDB}.Release|Any CPU.Build.0 = Release|Any CPU
		{688896CF-71EC-4B79-905B-7BE4143511E6}.Debug|Any CPU.ActiveCfg = Debug|Any CPU
		{688896CF-71EC-4B79-905B-7BE4143511E6}.Debug|Any CPU.Build.0 = Debug|Any CPU
		{688896CF-71EC-4B79-905B-7BE4143511E6}.Release|Any CPU.ActiveCfg = Release|Any CPU
		{688896CF-71EC-4B79-905B-7BE4143511E6}.Release|Any CPU.Build.0 = Release|Any CPU
		{EB8B2966-D3E8-47DC-BFD0-C679AADDBA56}.Debug|Any CPU.ActiveCfg = Debug|Any CPU
		{EB8B2966-D3E8-47DC-BFD0-C679AADDBA56}.Debug|Any CPU.Build.0 = Debug|Any CPU
		{EB8B2966-D3E8-47DC-BFD0-C679AADDBA56}.Release|Any CPU.ActiveCfg = Release|Any CPU
		{EB8B2966-D3E8-47DC-BFD0-C679AADDBA56}.Release|Any CPU.Build.0 = Release|Any CPU
		{DBEE1EEF-940D-4DCA-8F01-0AF25795F2E5}.Debug|Any CPU.ActiveCfg = Debug|Any CPU
		{DBEE1EEF-940D-4DCA-8F01-0AF25795F2E5}.Debug|Any CPU.Build.0 = Debug|Any CPU
		{DBEE1EEF-940D-4DCA-8F01-0AF25795F2E5}.Release|Any CPU.ActiveCfg = Release|Any CPU
		{DBEE1EEF-940D-4DCA-8F01-0AF25795F2E5}.Release|Any CPU.Build.0 = Release|Any CPU
		{61FD26C1-CA9C-4171-9FD0-D04C415C2190}.Debug|Any CPU.ActiveCfg = Debug|Any CPU
		{61FD26C1-CA9C-4171-9FD0-D04C415C2190}.Debug|Any CPU.Build.0 = Debug|Any CPU
		{61FD26C1-CA9C-4171-9FD0-D04C415C2190}.Release|Any CPU.ActiveCfg = Release|Any CPU
		{61FD26C1-CA9C-4171-9FD0-D04C415C2190}.Release|Any CPU.Build.0 = Release|Any CPU
		{BDAA8023-681B-4646-810F-34DF1D0E3299}.Debug|Any CPU.ActiveCfg = Debug|Any CPU
		{BDAA8023-681B-4646-810F-34DF1D0E3299}.Debug|Any CPU.Build.0 = Debug|Any CPU
		{BDAA8023-681B-4646-810F-34DF1D0E3299}.Release|Any CPU.ActiveCfg = Release|Any CPU
		{BDAA8023-681B-4646-810F-34DF1D0E3299}.Release|Any CPU.Build.0 = Release|Any CPU
		{635B95D8-F0FF-430F-8AA5-21DF5D5049A9}.Debug|Any CPU.ActiveCfg = Debug|Any CPU
		{635B95D8-F0FF-430F-8AA5-21DF5D5049A9}.Debug|Any CPU.Build.0 = Debug|Any CPU
		{635B95D8-F0FF-430F-8AA5-21DF5D5049A9}.Release|Any CPU.ActiveCfg = Release|Any CPU
		{635B95D8-F0FF-430F-8AA5-21DF5D5049A9}.Release|Any CPU.Build.0 = Release|Any CPU
		{627F87FD-6E5D-4708-A2E8-57C183542250}.Debug|Any CPU.ActiveCfg = Debug|Any CPU
		{627F87FD-6E5D-4708-A2E8-57C183542250}.Debug|Any CPU.Build.0 = Debug|Any CPU
		{627F87FD-6E5D-4708-A2E8-57C183542250}.Release|Any CPU.ActiveCfg = Release|Any CPU
		{627F87FD-6E5D-4708-A2E8-57C183542250}.Release|Any CPU.Build.0 = Release|Any CPU
	EndGlobalSection
	GlobalSection(SolutionProperties) = preSolution
		HideSolutionNode = FALSE
	EndGlobalSection
	GlobalSection(NestedProjects) = preSolution
		{916F2F3A-0875-4836-840F-27085F348100} = {2D9B559F-15A5-492C-BCD9-40C08446D595}
		{23B8A1B8-81A3-4CC6-91AF-AACB560A04A8} = {2D9B559F-15A5-492C-BCD9-40C08446D595}
		{193531DE-F2D1-49B1-9102-1D58627A7DA2} = {2D9B559F-15A5-492C-BCD9-40C08446D595}
		{B5CC2AF3-D8FE-4E0E-BDE4-7FD1982C5C49} = {D287147E-3FD7-473C-8BDC-48662B75F5EA}
		{985D0BCA-9322-4995-B161-6489C73390E6} = {D287147E-3FD7-473C-8BDC-48662B75F5EA}
		{455C5F75-8314-4983-8D67-1F1A2E4D82D8} = {D287147E-3FD7-473C-8BDC-48662B75F5EA}
		{F95019E3-6B4D-4177-8783-7826A4B6A0C4} = {0CA51345-DFE7-4306-800F-4C7A20EEF3C4}
		{0BC4349D-FEA8-4EBD-ADF2-5075DF89EDDB} = {0CA51345-DFE7-4306-800F-4C7A20EEF3C4}
		{688896CF-71EC-4B79-905B-7BE4143511E6} = {0CA51345-DFE7-4306-800F-4C7A20EEF3C4}
		{EB8B2966-D3E8-47DC-BFD0-C679AADDBA56} = {1879E55A-AFC6-49F7-A910-40022E872DBC}
		{DBEE1EEF-940D-4DCA-8F01-0AF25795F2E5} = {1879E55A-AFC6-49F7-A910-40022E872DBC}
		{61FD26C1-CA9C-4171-9FD0-D04C415C2190} = {1879E55A-AFC6-49F7-A910-40022E872DBC}
		{BDAA8023-681B-4646-810F-34DF1D0E3299} = {B4B663EF-1E48-45CC-B285-686131256F8C}
		{635B95D8-F0FF-430F-8AA5-21DF5D5049A9} = {B4B663EF-1E48-45CC-B285-686131256F8C}
		{627F87FD-6E5D-4708-A2E8-57C183542250} = {B4B663EF-1E48-45CC-B285-686131256F8C}
	EndGlobalSection
	GlobalSection(ExtensibilityGlobals) = postSolution
		SolutionGuid = {588F8981-6EE8-4CC1-B2D8-33F7C2A915D5}
	EndGlobalSection
EndGlobal
